
Microsoft Visual Studio Solution File, Format Version 12.00
# Visual Studio Version 17
VisualStudioVersion = 17.6.33829.357
MinimumVisualStudioVersion = 10.0.40219.1
Project("{2150E333-8FDC-42A3-9474-1A3956D46DE8}") = "API", "API", "{8DEA686F-4CEC-413C-A02D-74422E33D512}"
EndProject
Project("{2150E333-8FDC-42A3-9474-1A3956D46DE8}") = "DDD", "DDD", "{8EF81E85-E835-4E0C-960B-DF677525913F}"
EndProject
Project("{2150E333-8FDC-42A3-9474-1A3956D46DE8}") = "Application", "Application", "{1F3DE6AE-F568-4AE7-AFDD-1EA20585A1D1}"
EndProject
Project("{2150E333-8FDC-42A3-9474-1A3956D46DE8}") = "Domain", "Domain", "{C15CA39F-50A3-4D49-AD1C-DBDD37EAD524}"
EndProject
Project("{2150E333-8FDC-42A3-9474-1A3956D46DE8}") = "Infrastructure", "Infrastructure", "{C57F2A4C-5CFE-4FF5-B88D-CEE5047A25B6}"
EndProject
Project("{2150E333-8FDC-42A3-9474-1A3956D46DE8}") = "TDD", "TDD", "{9B3D504A-5541-4F80-AFA1-915F8965708E}"
EndProject
Project("{9A19103F-16F7-4668-BE54-9A1E7A4F7556}") = "ApiPedidos.Application", "APIPedidos.Application\ApiPedidos.Application.csproj", "{BAE53C43-BAE6-4E25-931D-CBE1FDCB5608}"
EndProject
Project("{9A19103F-16F7-4668-BE54-9A1E7A4F7556}") = "ApiPedidos.Infra.EventBus", "ApiPedidos.Infra.EventBus\ApiPedidos.Infra.EventBus.csproj", "{004A1F0F-8EA5-4985-97A0-F4EF6BEFB089}"
EndProject
Project("{9A19103F-16F7-4668-BE54-9A1E7A4F7556}") = "ApiPedidos.Domain", "ApiPedidos.Domain\ApiPedidos.Domain.csproj", "{32E44447-F083-4BDD-951F-D7E8CC27E064}"
EndProject
Project("{9A19103F-16F7-4668-BE54-9A1E7A4F7556}") = "ApiPedidos.Infra.Data", "ApiPedidos.Infra.Data\ApiPedidos.Infra.Data.csproj", "{0F750E53-668E-4DBA-9B60-D3B78E048F19}"
EndProject
Project("{9A19103F-16F7-4668-BE54-9A1E7A4F7556}") = "ApiPedidos.Service", "ApiPedidos.Service\ApiPedidos.Service.csproj", "{8DF5BF4A-5475-44E4-A948-841B09F0F173}"
EndProject
Project("{FAE04EC0-301F-11D3-BF4B-00C04F79EFBC}") = "ApiPedidos.Test", "ApiPedidos.Test\ApiPedidos.Test.csproj", "{95AAA3C2-D364-476D-9E2D-938EDB9AEAF9}"
EndProject
Global
	GlobalSection(SolutionConfigurationPlatforms) = preSolution
		Debug|Any CPU = Debug|Any CPU
		Release|Any CPU = Release|Any CPU
	EndGlobalSection
	GlobalSection(ProjectConfigurationPlatforms) = postSolution
		{BAE53C43-BAE6-4E25-931D-CBE1FDCB5608}.Debug|Any CPU.ActiveCfg = Debug|Any CPU
		{BAE53C43-BAE6-4E25-931D-CBE1FDCB5608}.Debug|Any CPU.Build.0 = Debug|Any CPU
		{BAE53C43-BAE6-4E25-931D-CBE1FDCB5608}.Release|Any CPU.ActiveCfg = Release|Any CPU
		{BAE53C43-BAE6-4E25-931D-CBE1FDCB5608}.Release|Any CPU.Build.0 = Release|Any CPU
		{004A1F0F-8EA5-4985-97A0-F4EF6BEFB089}.Debug|Any CPU.ActiveCfg = Debug|Any CPU
		{004A1F0F-8EA5-4985-97A0-F4EF6BEFB089}.Debug|Any CPU.Build.0 = Debug|Any CPU
		{004A1F0F-8EA5-4985-97A0-F4EF6BEFB089}.Release|Any CPU.ActiveCfg = Release|Any CPU
		{004A1F0F-8EA5-4985-97A0-F4EF6BEFB089}.Release|Any CPU.Build.0 = Release|Any CPU
		{32E44447-F083-4BDD-951F-D7E8CC27E064}.Debug|Any CPU.ActiveCfg = Debug|Any CPU
		{32E44447-F083-4BDD-951F-D7E8CC27E064}.Debug|Any CPU.Build.0 = Debug|Any CPU
		{32E44447-F083-4BDD-951F-D7E8CC27E064}.Release|Any CPU.ActiveCfg = Release|Any CPU
		{32E44447-F083-4BDD-951F-D7E8CC27E064}.Release|Any CPU.Build.0 = Release|Any CPU
		{0F750E53-668E-4DBA-9B60-D3B78E048F19}.Debug|Any CPU.ActiveCfg = Debug|Any CPU
		{0F750E53-668E-4DBA-9B60-D3B78E048F19}.Debug|Any CPU.Build.0 = Debug|Any CPU
		{0F750E53-668E-4DBA-9B60-D3B78E048F19}.Release|Any CPU.ActiveCfg = Release|Any CPU
		{0F750E53-668E-4DBA-9B60-D3B78E048F19}.Release|Any CPU.Build.0 = Release|Any CPU
		{8DF5BF4A-5475-44E4-A948-841B09F0F173}.Debug|Any CPU.ActiveCfg = Debug|Any CPU
		{8DF5BF4A-5475-44E4-A948-841B09F0F173}.Debug|Any CPU.Build.0 = Debug|Any CPU
		{8DF5BF4A-5475-44E4-A948-841B09F0F173}.Release|Any CPU.ActiveCfg = Release|Any CPU
		{8DF5BF4A-5475-44E4-A948-841B09F0F173}.Release|Any CPU.Build.0 = Release|Any CPU
		{95AAA3C2-D364-476D-9E2D-938EDB9AEAF9}.Debug|Any CPU.ActiveCfg = Debug|Any CPU
		{95AAA3C2-D364-476D-9E2D-938EDB9AEAF9}.Debug|Any CPU.Build.0 = Debug|Any CPU
		{95AAA3C2-D364-476D-9E2D-938EDB9AEAF9}.Release|Any CPU.ActiveCfg = Release|Any CPU
		{95AAA3C2-D364-476D-9E2D-938EDB9AEAF9}.Release|Any CPU.Build.0 = Release|Any CPU
	EndGlobalSection
	GlobalSection(SolutionProperties) = preSolution
		HideSolutionNode = FALSE
	EndGlobalSection
	GlobalSection(NestedProjects) = preSolution
		{1F3DE6AE-F568-4AE7-AFDD-1EA20585A1D1} = {8EF81E85-E835-4E0C-960B-DF677525913F}
		{C15CA39F-50A3-4D49-AD1C-DBDD37EAD524} = {8EF81E85-E835-4E0C-960B-DF677525913F}
		{C57F2A4C-5CFE-4FF5-B88D-CEE5047A25B6} = {8EF81E85-E835-4E0C-960B-DF677525913F}
		{BAE53C43-BAE6-4E25-931D-CBE1FDCB5608} = {1F3DE6AE-F568-4AE7-AFDD-1EA20585A1D1}
		{004A1F0F-8EA5-4985-97A0-F4EF6BEFB089} = {C57F2A4C-5CFE-4FF5-B88D-CEE5047A25B6}
		{32E44447-F083-4BDD-951F-D7E8CC27E064} = {C15CA39F-50A3-4D49-AD1C-DBDD37EAD524}
		{0F750E53-668E-4DBA-9B60-D3B78E048F19} = {C57F2A4C-5CFE-4FF5-B88D-CEE5047A25B6}
		{8DF5BF4A-5475-44E4-A948-841B09F0F173} = {8DEA686F-4CEC-413C-A02D-74422E33D512}
		{95AAA3C2-D364-476D-9E2D-938EDB9AEAF9} = {9B3D504A-5541-4F80-AFA1-915F8965708E}
	EndGlobalSection
	GlobalSection(ExtensibilityGlobals) = postSolution
		SolutionGuid = {BE96B4DF-C2C7-447F-A1A1-929EB44DD2B3}
	EndGlobalSection
EndGlobal
